
Microsoft Visual Studio Solution File, Format Version 12.00
# Visual Studio Version 17
VisualStudioVersion = 17.5.33414.496
MinimumVisualStudioVersion = 10.0.40219.1
Project("{FAE04EC0-301F-11D3-BF4B-00C04F79EFBC}") = "Auction_House", "Auction_House.csproj", "{568BFFE1-B891-4565-A546-AEC5E468777F}"
EndProject
Global
	GlobalSection(SolutionConfigurationPlatforms) = preSolution
		Debug|Any CPU = Debug|Any CPU
		Release|Any CPU = Release|Any CPU
	EndGlobalSection
	GlobalSection(ProjectConfigurationPlatforms) = postSolution
		{568BFFE1-B891-4565-A546-AEC5E468777F}.Debug|Any CPU.ActiveCfg = Debug|Any CPU
		{568BFFE1-B891-4565-A546-AEC5E468777F}.Debug|Any CPU.Build.0 = Debug|Any CPU
		{568BFFE1-B891-4565-A546-AEC5E468777F}.Release|Any CPU.ActiveCfg = Release|Any CPU
		{568BFFE1-B891-4565-A546-AEC5E468777F}.Release|Any CPU.Build.0 = Release|Any CPU
	EndGlobalSection
	GlobalSection(SolutionProperties) = preSolution
		HideSolutionNode = FALSE
	EndGlobalSection
	GlobalSection(ExtensibilityGlobals) = postSolution
		SolutionGuid = {D452E427-9146-4A76-83FC-77DF034F6F3C}
	EndGlobalSection
EndGlobal
